// !$*UTF8*$!
{
	archiveVersion = 1;
	classes = {
	};
	objectVersion = 48;
	objects = {

/* Begin PBXBuildFile section */
		EB01680B203D68F90071EB6D /* steel.jpg in Resources */ = {isa = PBXBuildFile; fileRef = EB01680A203D68F70071EB6D /* steel.jpg */; };
		EB01680D203D82710071EB6D /* bottle.jpg in Resources */ = {isa = PBXBuildFile; fileRef = EB01680C203D82700071EB6D /* bottle.jpg */; };
		EB01680F2047DD050071EB6D /* ViewControllerQuiz.swift in Sources */ = {isa = PBXBuildFile; fileRef = EB01680E2047DD050071EB6D /* ViewControllerQuiz.swift */; };
		EB06E8E8206E1149008C71BA /* finger.png in Resources */ = {isa = PBXBuildFile; fileRef = EB06E8E7206E1148008C71BA /* finger.png */; };
		EB06E8EA206E2CA7008C71BA /* title_logo.png in Resources */ = {isa = PBXBuildFile; fileRef = EB06E8E9206E2CA7008C71BA /* title_logo.png */; };
		EB06E8EC206E5DF4008C71BA /* finger_white.png in Resources */ = {isa = PBXBuildFile; fileRef = EB06E8EB206E5DF4008C71BA /* finger_white.png */; };
		EB06E8EE206E5F37008C71BA /* nexter.png in Resources */ = {isa = PBXBuildFile; fileRef = EB06E8ED206E5F37008C71BA /* nexter.png */; };
		EB2B5806206729A4003E90A5 /* decide.gif in Resources */ = {isa = PBXBuildFile; fileRef = EB2B5805206729A3003E90A5 /* decide.gif */; };
		EB2B580820672A9B003E90A5 /* rechoice.gif in Resources */ = {isa = PBXBuildFile; fileRef = EB2B580720672A9A003E90A5 /* rechoice.gif */; };
		EB608456202B0966000F222A /* shuki.jpg in Resources */ = {isa = PBXBuildFile; fileRef = EB608455202B0966000F222A /* shuki.jpg */; };
		EB608458202B1784000F222A /* ViewControllerItem.swift in Sources */ = {isa = PBXBuildFile; fileRef = EB608457202B1784000F222A /* ViewControllerItem.swift */; };
		EB60845A20318372000F222A /* three_on_three.gif in Resources */ = {isa = PBXBuildFile; fileRef = EB60845920318372000F222A /* three_on_three.gif */; };
		EB60845E20319DE8000F222A /* background.jpg in Resources */ = {isa = PBXBuildFile; fileRef = EB60845D20319DE8000F222A /* background.jpg */; };
		EB6084602031F52F000F222A /* title_bgm.mp3 in Resources */ = {isa = PBXBuildFile; fileRef = EB60845F2031F52F000F222A /* title_bgm.mp3 */; };
		EB6084622031F9D7000F222A /* ViewControllerMain.swift in Sources */ = {isa = PBXBuildFile; fileRef = EB6084612031F9D7000F222A /* ViewControllerMain.swift */; };
		EB60846420320676000F222A /* start_effect.mp3 in Resources */ = {isa = PBXBuildFile; fileRef = EB60846320320675000F222A /* start_effect.mp3 */; };
		EB60846620320829000F222A /* ViewControllerMenu.swift in Sources */ = {isa = PBXBuildFile; fileRef = EB60846520320829000F222A /* ViewControllerMenu.swift */; };
		EB60846C20321397000F222A /* menu_bg.jpg in Resources */ = {isa = PBXBuildFile; fileRef = EB60846B20321397000F222A /* menu_bg.jpg */; };
		EB60846E20321BF1000F222A /* white.jpg in Resources */ = {isa = PBXBuildFile; fileRef = EB60846D20321BF1000F222A /* white.jpg */; };
		EB60847020322932000F222A /* menu_bgm.mp3 in Resources */ = {isa = PBXBuildFile; fileRef = EB60846F20322931000F222A /* menu_bgm.mp3 */; };
		EB608472203431B5000F222A /* black01.jpg in Resources */ = {isa = PBXBuildFile; fileRef = EB608471203431B5000F222A /* black01.jpg */; };
		EB608474203431BE000F222A /* black02.png in Resources */ = {isa = PBXBuildFile; fileRef = EB608473203431BD000F222A /* black02.png */; };
		EB6084762034C7B0000F222A /* menu_effect.mp3 in Resources */ = {isa = PBXBuildFile; fileRef = EB6084752034C7B0000F222A /* menu_effect.mp3 */; };
		EB60847A2034D152000F222A /* ocean.JPG in Resources */ = {isa = PBXBuildFile; fileRef = EB6084792034D151000F222A /* ocean.JPG */; };
		EB60847C203544B1000F222A /* ocean_bgm.mp3 in Resources */ = {isa = PBXBuildFile; fileRef = EB60847B203544B0000F222A /* ocean_bgm.mp3 */; };
		EB60847E203555D8000F222A /* bonfire_effect.mp3 in Resources */ = {isa = PBXBuildFile; fileRef = EB60847D203555D8000F222A /* bonfire_effect.mp3 */; };
		EB60848020355638000F222A /* bonfire.jpg in Resources */ = {isa = PBXBuildFile; fileRef = EB60847F20355638000F222A /* bonfire.jpg */; };
		EB60848420356911000F222A /* human2.png in Resources */ = {isa = PBXBuildFile; fileRef = EB60848320356910000F222A /* human2.png */; };
		EB60848C2035BD8C000F222A /* experiment01.png in Resources */ = {isa = PBXBuildFile; fileRef = EB60848B2035BD8C000F222A /* experiment01.png */; };
		EB60848E2037E1F3000F222A /* hydrogen_effect.mp3 in Resources */ = {isa = PBXBuildFile; fileRef = EB60848D2037E1F3000F222A /* hydrogen_effect.mp3 */; };
		EB6084902037E371000F222A /* fire_effect.mp3 in Resources */ = {isa = PBXBuildFile; fileRef = EB60848F2037E371000F222A /* fire_effect.mp3 */; };
		EB6084922037F680000F222A /* alchemic.png in Resources */ = {isa = PBXBuildFile; fileRef = EB6084912037F67F000F222A /* alchemic.png */; };
		EB6084942037F721000F222A /* alchemic_effect.mp3 in Resources */ = {isa = PBXBuildFile; fileRef = EB6084932037F720000F222A /* alchemic_effect.mp3 */; };
		EB6084962037F8F1000F222A /* extinguishing_fire_effect.mp3 in Resources */ = {isa = PBXBuildFile; fileRef = EB6084952037F8F0000F222A /* extinguishing_fire_effect.mp3 */; };
		EB6084982038BCF1000F222A /* carve.jpg in Resources */ = {isa = PBXBuildFile; fileRef = EB6084972038BCF1000F222A /* carve.jpg */; };
		EB60849A203C5689000F222A /* man_normal.png in Resources */ = {isa = PBXBuildFile; fileRef = EB608499203C5688000F222A /* man_normal.png */; };
		EB60849E203C56A7000F222A /* woman_normal.png in Resources */ = {isa = PBXBuildFile; fileRef = EB60849D203C56A6000F222A /* woman_normal.png */; };
		EB6084A0203C57DB000F222A /* serif_effect.mp3 in Resources */ = {isa = PBXBuildFile; fileRef = EB60849F203C57DB000F222A /* serif_effect.mp3 */; };
		EB6084A2203C587C000F222A /* reo.png in Resources */ = {isa = PBXBuildFile; fileRef = EB6084A1203C587A000F222A /* reo.png */; };
		EB6084A4203C6AB4000F222A /* dangeon1.jpg in Resources */ = {isa = PBXBuildFile; fileRef = EB6084A3203C6AB4000F222A /* dangeon1.jpg */; };
		EB6084A6203C6B3C000F222A /* ViewControllerDangeon.swift in Sources */ = {isa = PBXBuildFile; fileRef = EB6084A5203C6B3C000F222A /* ViewControllerDangeon.swift */; };
		EBA1488B2018983F009C19BF /* AppDelegate.swift in Sources */ = {isa = PBXBuildFile; fileRef = EBA1488A2018983F009C19BF /* AppDelegate.swift */; };
		EBA1488D2018983F009C19BF /* ViewController.swift in Sources */ = {isa = PBXBuildFile; fileRef = EBA1488C2018983F009C19BF /* ViewController.swift */; };
		EBA148902018983F009C19BF /* Main.storyboard in Resources */ = {isa = PBXBuildFile; fileRef = EBA1488E2018983F009C19BF /* Main.storyboard */; };
		EBA148922018983F009C19BF /* Assets.xcassets in Resources */ = {isa = PBXBuildFile; fileRef = EBA148912018983F009C19BF /* Assets.xcassets */; };
		EBA148952018983F009C19BF /* LaunchScreen.storyboard in Resources */ = {isa = PBXBuildFile; fileRef = EBA148932018983F009C19BF /* LaunchScreen.storyboard */; };
		EBA148A020189840009C19BF /* Chemical_StoryTests.swift in Sources */ = {isa = PBXBuildFile; fileRef = EBA1489F20189840009C19BF /* Chemical_StoryTests.swift */; };
		EBA148AB20189840009C19BF /* Chemical_StoryUITests.swift in Sources */ = {isa = PBXBuildFile; fileRef = EBA148AA20189840009C19BF /* Chemical_StoryUITests.swift */; };
		EBA148B92018B35B009C19BF /* human.jpg in Resources */ = {isa = PBXBuildFile; fileRef = EBA148B82018B35B009C19BF /* human.jpg */; };
/* End PBXBuildFile section */

/* Begin PBXContainerItemProxy section */
		EBA1489C20189840009C19BF /* PBXContainerItemProxy */ = {
			isa = PBXContainerItemProxy;
			containerPortal = EBA1487F2018983F009C19BF /* Project object */;
			proxyType = 1;
			remoteGlobalIDString = EBA148862018983F009C19BF;
			remoteInfo = Chemical_Story;
		};
		EBA148A720189840009C19BF /* PBXContainerItemProxy */ = {
			isa = PBXContainerItemProxy;
			containerPortal = EBA1487F2018983F009C19BF /* Project object */;
			proxyType = 1;
			remoteGlobalIDString = EBA148862018983F009C19BF;
			remoteInfo = Chemical_Story;
		};
/* End PBXContainerItemProxy section */

/* Begin PBXFileReference section */
		EB01680A203D68F70071EB6D /* steel.jpg */ = {isa = PBXFileReference; lastKnownFileType = image.jpeg; path = steel.jpg; sourceTree = "<group>"; };
		EB01680C203D82700071EB6D /* bottle.jpg */ = {isa = PBXFileReference; lastKnownFileType = image.jpeg; path = bottle.jpg; sourceTree = "<group>"; };
		EB01680E2047DD050071EB6D /* ViewControllerQuiz.swift */ = {isa = PBXFileReference; lastKnownFileType = sourcecode.swift; path = ViewControllerQuiz.swift; sourceTree = "<group>"; };
		EB06E8E7206E1148008C71BA /* finger.png */ = {isa = PBXFileReference; lastKnownFileType = image.png; path = finger.png; sourceTree = "<group>"; };
		EB06E8E9206E2CA7008C71BA /* title_logo.png */ = {isa = PBXFileReference; lastKnownFileType = image.png; path = title_logo.png; sourceTree = "<group>"; };
		EB06E8EB206E5DF4008C71BA /* finger_white.png */ = {isa = PBXFileReference; lastKnownFileType = image.png; path = finger_white.png; sourceTree = "<group>"; };
		EB06E8ED206E5F37008C71BA /* nexter.png */ = {isa = PBXFileReference; lastKnownFileType = image.png; path = nexter.png; sourceTree = "<group>"; };
		EB2B5805206729A3003E90A5 /* decide.gif */ = {isa = PBXFileReference; lastKnownFileType = image.gif; path = decide.gif; sourceTree = "<group>"; };
		EB2B580720672A9A003E90A5 /* rechoice.gif */ = {isa = PBXFileReference; lastKnownFileType = image.gif; path = rechoice.gif; sourceTree = "<group>"; };
		EB608455202B0966000F222A /* shuki.jpg */ = {isa = PBXFileReference; lastKnownFileType = image.jpeg; path = shuki.jpg; sourceTree = "<group>"; };
		EB608457202B1784000F222A /* ViewControllerItem.swift */ = {isa = PBXFileReference; lastKnownFileType = sourcecode.swift; path = ViewControllerItem.swift; sourceTree = "<group>"; };
		EB60845920318372000F222A /* three_on_three.gif */ = {isa = PBXFileReference; lastKnownFileType = image.gif; path = three_on_three.gif; sourceTree = "<group>"; };
		EB60845D20319DE8000F222A /* background.jpg */ = {isa = PBXFileReference; lastKnownFileType = image.jpeg; path = background.jpg; sourceTree = "<group>"; };
		EB60845F2031F52F000F222A /* title_bgm.mp3 */ = {isa = PBXFileReference; lastKnownFileType = audio.mp3; path = title_bgm.mp3; sourceTree = "<group>"; };
		EB6084612031F9D7000F222A /* ViewControllerMain.swift */ = {isa = PBXFileReference; lastKnownFileType = sourcecode.swift; path = ViewControllerMain.swift; sourceTree = "<group>"; };
		EB60846320320675000F222A /* start_effect.mp3 */ = {isa = PBXFileReference; lastKnownFileType = audio.mp3; path = start_effect.mp3; sourceTree = "<group>"; };
		EB60846520320829000F222A /* ViewControllerMenu.swift */ = {isa = PBXFileReference; lastKnownFileType = sourcecode.swift; path = ViewControllerMenu.swift; sourceTree = "<group>"; };
		EB60846B20321397000F222A /* menu_bg.jpg */ = {isa = PBXFileReference; lastKnownFileType = image.jpeg; path = menu_bg.jpg; sourceTree = "<group>"; };
		EB60846D20321BF1000F222A /* white.jpg */ = {isa = PBXFileReference; lastKnownFileType = image.jpeg; path = white.jpg; sourceTree = "<group>"; };
		EB60846F20322931000F222A /* menu_bgm.mp3 */ = {isa = PBXFileReference; lastKnownFileType = audio.mp3; path = menu_bgm.mp3; sourceTree = "<group>"; };
		EB608471203431B5000F222A /* black01.jpg */ = {isa = PBXFileReference; lastKnownFileType = image.jpeg; path = black01.jpg; sourceTree = "<group>"; };
		EB608473203431BD000F222A /* black02.png */ = {isa = PBXFileReference; lastKnownFileType = image.png; path = black02.png; sourceTree = "<group>"; };
		EB6084752034C7B0000F222A /* menu_effect.mp3 */ = {isa = PBXFileReference; lastKnownFileType = audio.mp3; path = menu_effect.mp3; sourceTree = "<group>"; };
		EB6084792034D151000F222A /* ocean.JPG */ = {isa = PBXFileReference; lastKnownFileType = image.jpeg; path = ocean.JPG; sourceTree = "<group>"; };
		EB60847B203544B0000F222A /* ocean_bgm.mp3 */ = {isa = PBXFileReference; lastKnownFileType = audio.mp3; path = ocean_bgm.mp3; sourceTree = "<group>"; };
		EB60847D203555D8000F222A /* bonfire_effect.mp3 */ = {isa = PBXFileReference; lastKnownFileType = audio.mp3; path = bonfire_effect.mp3; sourceTree = "<group>"; };
		EB60847F20355638000F222A /* bonfire.jpg */ = {isa = PBXFileReference; lastKnownFileType = image.jpeg; path = bonfire.jpg; sourceTree = "<group>"; };
		EB60848320356910000F222A /* human2.png */ = {isa = PBXFileReference; lastKnownFileType = image.png; path = human2.png; sourceTree = "<group>"; };
		EB60848B2035BD8C000F222A /* experiment01.png */ = {isa = PBXFileReference; lastKnownFileType = image.png; path = experiment01.png; sourceTree = "<group>"; };
		EB60848D2037E1F3000F222A /* hydrogen_effect.mp3 */ = {isa = PBXFileReference; lastKnownFileType = audio.mp3; path = hydrogen_effect.mp3; sourceTree = "<group>"; };
		EB60848F2037E371000F222A /* fire_effect.mp3 */ = {isa = PBXFileReference; lastKnownFileType = audio.mp3; path = fire_effect.mp3; sourceTree = "<group>"; };
		EB6084912037F67F000F222A /* alchemic.png */ = {isa = PBXFileReference; lastKnownFileType = image.png; path = alchemic.png; sourceTree = "<group>"; };
		EB6084932037F720000F222A /* alchemic_effect.mp3 */ = {isa = PBXFileReference; lastKnownFileType = audio.mp3; path = alchemic_effect.mp3; sourceTree = "<group>"; };
		EB6084952037F8F0000F222A /* extinguishing_fire_effect.mp3 */ = {isa = PBXFileReference; lastKnownFileType = audio.mp3; path = extinguishing_fire_effect.mp3; sourceTree = "<group>"; };
		EB6084972038BCF1000F222A /* carve.jpg */ = {isa = PBXFileReference; lastKnownFileType = image.jpeg; path = carve.jpg; sourceTree = "<group>"; };
		EB608499203C5688000F222A /* man_normal.png */ = {isa = PBXFileReference; lastKnownFileType = image.png; path = man_normal.png; sourceTree = "<group>"; };
		EB60849D203C56A6000F222A /* woman_normal.png */ = {isa = PBXFileReference; lastKnownFileType = image.png; path = woman_normal.png; sourceTree = "<group>"; };
		EB60849F203C57DB000F222A /* serif_effect.mp3 */ = {isa = PBXFileReference; lastKnownFileType = audio.mp3; path = serif_effect.mp3; sourceTree = SOURCE_ROOT; };
		EB6084A1203C587A000F222A /* reo.png */ = {isa = PBXFileReference; lastKnownFileType = image.png; path = reo.png; sourceTree = "<group>"; };
		EB6084A3203C6AB4000F222A /* dangeon1.jpg */ = {isa = PBXFileReference; lastKnownFileType = image.jpeg; path = dangeon1.jpg; sourceTree = "<group>"; };
		EB6084A5203C6B3C000F222A /* ViewControllerDangeon.swift */ = {isa = PBXFileReference; lastKnownFileType = sourcecode.swift; path = ViewControllerDangeon.swift; sourceTree = "<group>"; };
		EBA148872018983F009C19BF /* Chemical_Story.app */ = {isa = PBXFileReference; explicitFileType = wrapper.application; includeInIndex = 0; path = Chemical_Story.app; sourceTree = BUILT_PRODUCTS_DIR; };
		EBA1488A2018983F009C19BF /* AppDelegate.swift */ = {isa = PBXFileReference; lastKnownFileType = sourcecode.swift; path = AppDelegate.swift; sourceTree = "<group>"; };
		EBA1488C2018983F009C19BF /* ViewController.swift */ = {isa = PBXFileReference; lastKnownFileType = sourcecode.swift; path = ViewController.swift; sourceTree = "<group>"; };
		EBA1488F2018983F009C19BF /* Base */ = {isa = PBXFileReference; lastKnownFileType = file.storyboard; name = Base; path = Base.lproj/Main.storyboard; sourceTree = "<group>"; };
		EBA148912018983F009C19BF /* Assets.xcassets */ = {isa = PBXFileReference; lastKnownFileType = folder.assetcatalog; path = Assets.xcassets; sourceTree = "<group>"; };
		EBA148942018983F009C19BF /* Base */ = {isa = PBXFileReference; lastKnownFileType = file.storyboard; name = Base; path = Base.lproj/LaunchScreen.storyboard; sourceTree = "<group>"; };
		EBA1489620189840009C19BF /* Info.plist */ = {isa = PBXFileReference; lastKnownFileType = text.plist.xml; path = Info.plist; sourceTree = "<group>"; };
		EBA1489B20189840009C19BF /* Chemical_StoryTests.xctest */ = {isa = PBXFileReference; explicitFileType = wrapper.cfbundle; includeInIndex = 0; path = Chemical_StoryTests.xctest; sourceTree = BUILT_PRODUCTS_DIR; };
		EBA1489F20189840009C19BF /* Chemical_StoryTests.swift */ = {isa = PBXFileReference; lastKnownFileType = sourcecode.swift; path = Chemical_StoryTests.swift; sourceTree = "<group>"; };
		EBA148A120189840009C19BF /* Info.plist */ = {isa = PBXFileReference; lastKnownFileType = text.plist.xml; path = Info.plist; sourceTree = "<group>"; };
		EBA148A620189840009C19BF /* Chemical_StoryUITests.xctest */ = {isa = PBXFileReference; explicitFileType = wrapper.cfbundle; includeInIndex = 0; path = Chemical_StoryUITests.xctest; sourceTree = BUILT_PRODUCTS_DIR; };
		EBA148AA20189840009C19BF /* Chemical_StoryUITests.swift */ = {isa = PBXFileReference; lastKnownFileType = sourcecode.swift; path = Chemical_StoryUITests.swift; sourceTree = "<group>"; };
		EBA148AC20189840009C19BF /* Info.plist */ = {isa = PBXFileReference; lastKnownFileType = text.plist.xml; path = Info.plist; sourceTree = "<group>"; };
		EBA148B82018B35B009C19BF /* human.jpg */ = {isa = PBXFileReference; lastKnownFileType = image.jpeg; path = human.jpg; sourceTree = "<group>"; };
/* End PBXFileReference section */

/* Begin PBXFrameworksBuildPhase section */
		EBA148842018983F009C19BF /* Frameworks */ = {
			isa = PBXFrameworksBuildPhase;
			buildActionMask = 2147483647;
			files = (
			);
			runOnlyForDeploymentPostprocessing = 0;
		};
		EBA1489820189840009C19BF /* Frameworks */ = {
			isa = PBXFrameworksBuildPhase;
			buildActionMask = 2147483647;
			files = (
			);
			runOnlyForDeploymentPostprocessing = 0;
		};
		EBA148A320189840009C19BF /* Frameworks */ = {
			isa = PBXFrameworksBuildPhase;
			buildActionMask = 2147483647;
			files = (
			);
			runOnlyForDeploymentPostprocessing = 0;
		};
/* End PBXFrameworksBuildPhase section */

/* Begin PBXGroup section */
		EBA1487E2018983F009C19BF = {
			isa = PBXGroup;
			children = (
				EB01680E2047DD050071EB6D /* ViewControllerQuiz.swift */,
				EBA148892018983F009C19BF /* Chemical_Story */,
				EBA1489E20189840009C19BF /* Chemical_StoryTests */,
				EBA148A920189840009C19BF /* Chemical_StoryUITests */,
				EBA148882018983F009C19BF /* Products */,
			);
			sourceTree = "<group>";
		};
		EBA148882018983F009C19BF /* Products */ = {
			isa = PBXGroup;
			children = (
				EBA148872018983F009C19BF /* Chemical_Story.app */,
				EBA1489B20189840009C19BF /* Chemical_StoryTests.xctest */,
				EBA148A620189840009C19BF /* Chemical_StoryUITests.xctest */,
			);
			name = Products;
			sourceTree = "<group>";
		};
		EBA148892018983F009C19BF /* Chemical_Story */ = {
			isa = PBXGroup;
			children = (
				EBA1488A2018983F009C19BF /* AppDelegate.swift */,
				EBA1488C2018983F009C19BF /* ViewController.swift */,
				EBA1488E2018983F009C19BF /* Main.storyboard */,
				EB6084A5203C6B3C000F222A /* ViewControllerDangeon.swift */,
				EB6084612031F9D7000F222A /* ViewControllerMain.swift */,
				EB60846520320829000F222A /* ViewControllerMenu.swift */,
				EB608457202B1784000F222A /* ViewControllerItem.swift */,
				EBA148912018983F009C19BF /* Assets.xcassets */,
				EBA148932018983F009C19BF /* LaunchScreen.storyboard */,
				EBA1489620189840009C19BF /* Info.plist */,
				EB06E8E9206E2CA7008C71BA /* title_logo.png */,
				EBA148B82018B35B009C19BF /* human.jpg */,
				EB60848320356910000F222A /* human2.png */,
				EB608455202B0966000F222A /* shuki.jpg */,
				EB60845920318372000F222A /* three_on_three.gif */,
				EB60845D20319DE8000F222A /* background.jpg */,
				EB60846B20321397000F222A /* menu_bg.jpg */,
				EB60846D20321BF1000F222A /* white.jpg */,
				EB608471203431B5000F222A /* black01.jpg */,
				EB608473203431BD000F222A /* black02.png */,
				EB6084792034D151000F222A /* ocean.JPG */,
				EB60848B2035BD8C000F222A /* experiment01.png */,
				EB60847F20355638000F222A /* bonfire.jpg */,
				EB6084912037F67F000F222A /* alchemic.png */,
				EB608499203C5688000F222A /* man_normal.png */,
				EB60849D203C56A6000F222A /* woman_normal.png */,
				EB6084A1203C587A000F222A /* reo.png */,
				EB6084972038BCF1000F222A /* carve.jpg */,
				EB6084A3203C6AB4000F222A /* dangeon1.jpg */,
				EB01680A203D68F70071EB6D /* steel.jpg */,
				EB01680C203D82700071EB6D /* bottle.jpg */,
				EB2B5805206729A3003E90A5 /* decide.gif */,
				EB2B580720672A9A003E90A5 /* rechoice.gif */,
				EB06E8E7206E1148008C71BA /* finger.png */,
				EB06E8EB206E5DF4008C71BA /* finger_white.png */,
				EB06E8ED206E5F37008C71BA /* nexter.png */,
				EB60845F2031F52F000F222A /* title_bgm.mp3 */,
				EB60846F20322931000F222A /* menu_bgm.mp3 */,
				EB60847B203544B0000F222A /* ocean_bgm.mp3 */,
				EB60846320320675000F222A /* start_effect.mp3 */,
				EB6084752034C7B0000F222A /* menu_effect.mp3 */,
				EB60849F203C57DB000F222A /* serif_effect.mp3 */,
				EB60847D203555D8000F222A /* bonfire_effect.mp3 */,
				EB60848D2037E1F3000F222A /* hydrogen_effect.mp3 */,
				EB60848F2037E371000F222A /* fire_effect.mp3 */,
				EB6084932037F720000F222A /* alchemic_effect.mp3 */,
				EB6084952037F8F0000F222A /* extinguishing_fire_effect.mp3 */,
			);
			path = Chemical_Story;
			sourceTree = "<group>";
		};
		EBA1489E20189840009C19BF /* Chemical_StoryTests */ = {
			isa = PBXGroup;
			children = (
				EBA1489F20189840009C19BF /* Chemical_StoryTests.swift */,
				EBA148A120189840009C19BF /* Info.plist */,
			);
			path = Chemical_StoryTests;
			sourceTree = "<group>";
		};
		EBA148A920189840009C19BF /* Chemical_StoryUITests */ = {
			isa = PBXGroup;
			children = (
				EBA148AA20189840009C19BF /* Chemical_StoryUITests.swift */,
				EBA148AC20189840009C19BF /* Info.plist */,
			);
			path = Chemical_StoryUITests;
			sourceTree = "<group>";
		};
/* End PBXGroup section */

/* Begin PBXNativeTarget section */
		EBA148862018983F009C19BF /* Chemical_Story */ = {
			isa = PBXNativeTarget;
			buildConfigurationList = EBA148AF20189840009C19BF /* Build configuration list for PBXNativeTarget "Chemical_Story" */;
			buildPhases = (
				EBA148832018983F009C19BF /* Sources */,
				EBA148842018983F009C19BF /* Frameworks */,
				EBA148852018983F009C19BF /* Resources */,
			);
			buildRules = (
			);
			dependencies = (
			);
			name = Chemical_Story;
			productName = Chemical_Story;
			productReference = EBA148872018983F009C19BF /* Chemical_Story.app */;
			productType = "com.apple.product-type.application";
		};
		EBA1489A20189840009C19BF /* Chemical_StoryTests */ = {
			isa = PBXNativeTarget;
			buildConfigurationList = EBA148B220189840009C19BF /* Build configuration list for PBXNativeTarget "Chemical_StoryTests" */;
			buildPhases = (
				EBA1489720189840009C19BF /* Sources */,
				EBA1489820189840009C19BF /* Frameworks */,
				EBA1489920189840009C19BF /* Resources */,
			);
			buildRules = (
			);
			dependencies = (
				EBA1489D20189840009C19BF /* PBXTargetDependency */,
			);
			name = Chemical_StoryTests;
			productName = Chemical_StoryTests;
			productReference = EBA1489B20189840009C19BF /* Chemical_StoryTests.xctest */;
			productType = "com.apple.product-type.bundle.unit-test";
		};
		EBA148A520189840009C19BF /* Chemical_StoryUITests */ = {
			isa = PBXNativeTarget;
			buildConfigurationList = EBA148B520189840009C19BF /* Build configuration list for PBXNativeTarget "Chemical_StoryUITests" */;
			buildPhases = (
				EBA148A220189840009C19BF /* Sources */,
				EBA148A320189840009C19BF /* Frameworks */,
				EBA148A420189840009C19BF /* Resources */,
			);
			buildRules = (
			);
			dependencies = (
				EBA148A820189840009C19BF /* PBXTargetDependency */,
			);
			name = Chemical_StoryUITests;
			productName = Chemical_StoryUITests;
			productReference = EBA148A620189840009C19BF /* Chemical_StoryUITests.xctest */;
			productType = "com.apple.product-type.bundle.ui-testing";
		};
/* End PBXNativeTarget section */

/* Begin PBXProject section */
		EBA1487F2018983F009C19BF /* Project object */ = {
			isa = PBXProject;
			attributes = {
				LastSwiftUpdateCheck = 0920;
				LastUpgradeCheck = 0920;
				ORGANIZATIONNAME = jukkey5memory;
				TargetAttributes = {
					EBA148862018983F009C19BF = {
						CreatedOnToolsVersion = 9.2;
						ProvisioningStyle = Automatic;
					};
					EBA1489A20189840009C19BF = {
						CreatedOnToolsVersion = 9.2;
						ProvisioningStyle = Automatic;
						TestTargetID = EBA148862018983F009C19BF;
					};
					EBA148A520189840009C19BF = {
						CreatedOnToolsVersion = 9.2;
						ProvisioningStyle = Automatic;
						TestTargetID = EBA148862018983F009C19BF;
					};
				};
			};
			buildConfigurationList = EBA148822018983F009C19BF /* Build configuration list for PBXProject "Chemical_Story" */;
			compatibilityVersion = "Xcode 8.0";
			developmentRegion = en;
			hasScannedForEncodings = 0;
			knownRegions = (
				en,
				Base,
			);
			mainGroup = EBA1487E2018983F009C19BF;
			productRefGroup = EBA148882018983F009C19BF /* Products */;
			projectDirPath = "";
			projectRoot = "";
			targets = (
				EBA148862018983F009C19BF /* Chemical_Story */,
				EBA1489A20189840009C19BF /* Chemical_StoryTests */,
				EBA148A520189840009C19BF /* Chemical_StoryUITests */,
			);
		};
/* End PBXProject section */

/* Begin PBXResourcesBuildPhase section */
		EBA148852018983F009C19BF /* Resources */ = {
			isa = PBXResourcesBuildPhase;
			buildActionMask = 2147483647;
			files = (
				EB60845E20319DE8000F222A /* background.jpg in Resources */,
				EB60846420320676000F222A /* start_effect.mp3 in Resources */,
				EB2B5806206729A4003E90A5 /* decide.gif in Resources */,
				EBA148952018983F009C19BF /* LaunchScreen.storyboard in Resources */,
				EB60846C20321397000F222A /* menu_bg.jpg in Resources */,
				EB6084602031F52F000F222A /* title_bgm.mp3 in Resources */,
				EBA148B92018B35B009C19BF /* human.jpg in Resources */,
				EB6084A4203C6AB4000F222A /* dangeon1.jpg in Resources */,
				EB608456202B0966000F222A /* shuki.jpg in Resources */,
				EB60848C2035BD8C000F222A /* experiment01.png in Resources */,
				EB01680D203D82710071EB6D /* bottle.jpg in Resources */,
				EBA148922018983F009C19BF /* Assets.xcassets in Resources */,
				EBA148902018983F009C19BF /* Main.storyboard in Resources */,
				EB60849E203C56A7000F222A /* woman_normal.png in Resources */,
				EB60846E20321BF1000F222A /* white.jpg in Resources */,
				EB60847020322932000F222A /* menu_bgm.mp3 in Resources */,
				EB6084902037E371000F222A /* fire_effect.mp3 in Resources */,
				EB608474203431BE000F222A /* black02.png in Resources */,
				EB6084762034C7B0000F222A /* menu_effect.mp3 in Resources */,
				EB60847A2034D152000F222A /* ocean.JPG in Resources */,
				EB2B580820672A9B003E90A5 /* rechoice.gif in Resources */,
				EB6084982038BCF1000F222A /* carve.jpg in Resources */,
				EB60848020355638000F222A /* bonfire.jpg in Resources */,
				EB6084962037F8F1000F222A /* extinguishing_fire_effect.mp3 in Resources */,
				EB01680B203D68F90071EB6D /* steel.jpg in Resources */,
				EB6084A0203C57DB000F222A /* serif_effect.mp3 in Resources */,
				EB60847E203555D8000F222A /* bonfire_effect.mp3 in Resources */,
				EB06E8EE206E5F37008C71BA /* nexter.png in Resources */,
				EB06E8EC206E5DF4008C71BA /* finger_white.png in Resources */,
				EB60845A20318372000F222A /* three_on_three.gif in Resources */,
				EB60848420356911000F222A /* human2.png in Resources */,
				EB06E8E8206E1149008C71BA /* finger.png in Resources */,
				EB6084942037F721000F222A /* alchemic_effect.mp3 in Resources */,
				EB60849A203C5689000F222A /* man_normal.png in Resources */,
				EB60847C203544B1000F222A /* ocean_bgm.mp3 in Resources */,
				EB06E8EA206E2CA7008C71BA /* title_logo.png in Resources */,
				EB6084922037F680000F222A /* alchemic.png in Resources */,
				EB6084A2203C587C000F222A /* reo.png in Resources */,
				EB608472203431B5000F222A /* black01.jpg in Resources */,
				EB60848E2037E1F3000F222A /* hydrogen_effect.mp3 in Resources */,
			);
			runOnlyForDeploymentPostprocessing = 0;
		};
		EBA1489920189840009C19BF /* Resources */ = {
			isa = PBXResourcesBuildPhase;
			buildActionMask = 2147483647;
			files = (
			);
			runOnlyForDeploymentPostprocessing = 0;
		};
		EBA148A420189840009C19BF /* Resources */ = {
			isa = PBXResourcesBuildPhase;
			buildActionMask = 2147483647;
			files = (
			);
			runOnlyForDeploymentPostprocessing = 0;
		};
/* End PBXResourcesBuildPhase section */

/* Begin PBXSourcesBuildPhase section */
		EBA148832018983F009C19BF /* Sources */ = {
			isa = PBXSourcesBuildPhase;
			buildActionMask = 2147483647;
			files = (
				EB608458202B1784000F222A /* ViewControllerItem.swift in Sources */,
				EBA1488D2018983F009C19BF /* ViewController.swift in Sources */,
				EB01680F2047DD050071EB6D /* ViewControllerQuiz.swift in Sources */,
				EB60846620320829000F222A /* ViewControllerMenu.swift in Sources */,
				EB6084A6203C6B3C000F222A /* ViewControllerDangeon.swift in Sources */,
				EBA1488B2018983F009C19BF /* AppDelegate.swift in Sources */,
				EB6084622031F9D7000F222A /* ViewControllerMain.swift in Sources */,
			);
			runOnlyForDeploymentPostprocessing = 0;
		};
		EBA1489720189840009C19BF /* Sources */ = {
			isa = PBXSourcesBuildPhase;
			buildActionMask = 2147483647;
			files = (
				EBA148A020189840009C19BF /* Chemical_StoryTests.swift in Sources */,
			);
			runOnlyForDeploymentPostprocessing = 0;
		};
		EBA148A220189840009C19BF /* Sources */ = {
			isa = PBXSourcesBuildPhase;
			buildActionMask = 2147483647;
			files = (
				EBA148AB20189840009C19BF /* Chemical_StoryUITests.swift in Sources */,
			);
			runOnlyForDeploymentPostprocessing = 0;
		};
/* End PBXSourcesBuildPhase section */

/* Begin PBXTargetDependency section */
		EBA1489D20189840009C19BF /* PBXTargetDependency */ = {
			isa = PBXTargetDependency;
			target = EBA148862018983F009C19BF /* Chemical_Story */;
			targetProxy = EBA1489C20189840009C19BF /* PBXContainerItemProxy */;
		};
		EBA148A820189840009C19BF /* PBXTargetDependency */ = {
			isa = PBXTargetDependency;
			target = EBA148862018983F009C19BF /* Chemical_Story */;
			targetProxy = EBA148A720189840009C19BF /* PBXContainerItemProxy */;
		};
/* End PBXTargetDependency section */

/* Begin PBXVariantGroup section */
		EBA1488E2018983F009C19BF /* Main.storyboard */ = {
			isa = PBXVariantGroup;
			children = (
				EBA1488F2018983F009C19BF /* Base */,
			);
			name = Main.storyboard;
			sourceTree = "<group>";
		};
		EBA148932018983F009C19BF /* LaunchScreen.storyboard */ = {
			isa = PBXVariantGroup;
			children = (
				EBA148942018983F009C19BF /* Base */,
			);
			name = LaunchScreen.storyboard;
			sourceTree = "<group>";
		};
/* End PBXVariantGroup section */

/* Begin XCBuildConfiguration section */
		EBA148AD20189840009C19BF /* Debug */ = {
			isa = XCBuildConfiguration;
			buildSettings = {
				ALWAYS_SEARCH_USER_PATHS = NO;
				CLANG_ANALYZER_NONNULL = YES;
				CLANG_ANALYZER_NUMBER_OBJECT_CONVERSION = YES_AGGRESSIVE;
				CLANG_CXX_LANGUAGE_STANDARD = "gnu++14";
				CLANG_CXX_LIBRARY = "libc++";
				CLANG_ENABLE_MODULES = YES;
				CLANG_ENABLE_OBJC_ARC = YES;
				CLANG_WARN_BLOCK_CAPTURE_AUTORELEASING = YES;
				CLANG_WARN_BOOL_CONVERSION = YES;
				CLANG_WARN_COMMA = YES;
				CLANG_WARN_CONSTANT_CONVERSION = YES;
				CLANG_WARN_DIRECT_OBJC_ISA_USAGE = YES_ERROR;
				CLANG_WARN_DOCUMENTATION_COMMENTS = YES;
				CLANG_WARN_EMPTY_BODY = YES;
				CLANG_WARN_ENUM_CONVERSION = YES;
				CLANG_WARN_INFINITE_RECURSION = YES;
				CLANG_WARN_INT_CONVERSION = YES;
				CLANG_WARN_NON_LITERAL_NULL_CONVERSION = YES;
				CLANG_WARN_OBJC_LITERAL_CONVERSION = YES;
				CLANG_WARN_OBJC_ROOT_CLASS = YES_ERROR;
				CLANG_WARN_RANGE_LOOP_ANALYSIS = YES;
				CLANG_WARN_STRICT_PROTOTYPES = YES;
				CLANG_WARN_SUSPICIOUS_MOVE = YES;
				CLANG_WARN_UNGUARDED_AVAILABILITY = YES_AGGRESSIVE;
				CLANG_WARN_UNREACHABLE_CODE = YES;
				CLANG_WARN__DUPLICATE_METHOD_MATCH = YES;
				CODE_SIGN_IDENTITY = "iPhone Developer";
				COPY_PHASE_STRIP = NO;
				DEBUG_INFORMATION_FORMAT = dwarf;
				ENABLE_STRICT_OBJC_MSGSEND = YES;
				ENABLE_TESTABILITY = YES;
				GCC_C_LANGUAGE_STANDARD = gnu11;
				GCC_DYNAMIC_NO_PIC = NO;
				GCC_NO_COMMON_BLOCKS = YES;
				GCC_OPTIMIZATION_LEVEL = 0;
				GCC_PREPROCESSOR_DEFINITIONS = (
					"DEBUG=1",
					"$(inherited)",
				);
				GCC_WARN_64_TO_32_BIT_CONVERSION = YES;
				GCC_WARN_ABOUT_RETURN_TYPE = YES_ERROR;
				GCC_WARN_UNDECLARED_SELECTOR = YES;
				GCC_WARN_UNINITIALIZED_AUTOS = YES_AGGRESSIVE;
				GCC_WARN_UNUSED_FUNCTION = YES;
				GCC_WARN_UNUSED_VARIABLE = YES;
				IPHONEOS_DEPLOYMENT_TARGET = 11.2;
				MTL_ENABLE_DEBUG_INFO = YES;
				ONLY_ACTIVE_ARCH = YES;
				SDKROOT = iphoneos;
				SWIFT_ACTIVE_COMPILATION_CONDITIONS = DEBUG;
				SWIFT_OPTIMIZATION_LEVEL = "-Onone";
			};
			name = Debug;
		};
		EBA148AE20189840009C19BF /* Release */ = {
			isa = XCBuildConfiguration;
			buildSettings = {
				ALWAYS_SEARCH_USER_PATHS = NO;
				CLANG_ANALYZER_NONNULL = YES;
				CLANG_ANALYZER_NUMBER_OBJECT_CONVERSION = YES_AGGRESSIVE;
				CLANG_CXX_LANGUAGE_STANDARD = "gnu++14";
				CLANG_CXX_LIBRARY = "libc++";
				CLANG_ENABLE_MODULES = YES;
				CLANG_ENABLE_OBJC_ARC = YES;
				CLANG_WARN_BLOCK_CAPTURE_AUTORELEASING = YES;
				CLANG_WARN_BOOL_CONVERSION = YES;
				CLANG_WARN_COMMA = YES;
				CLANG_WARN_CONSTANT_CONVERSION = YES;
				CLANG_WARN_DIRECT_OBJC_ISA_USAGE = YES_ERROR;
				CLANG_WARN_DOCUMENTATION_COMMENTS = YES;
				CLANG_WARN_EMPTY_BODY = YES;
				CLANG_WARN_ENUM_CONVERSION = YES;
				CLANG_WARN_INFINITE_RECURSION = YES;
				CLANG_WARN_INT_CONVERSION = YES;
				CLANG_WARN_NON_LITERAL_NULL_CONVERSION = YES;
				CLANG_WARN_OBJC_LITERAL_CONVERSION = YES;
				CLANG_WARN_OBJC_ROOT_CLASS = YES_ERROR;
				CLANG_WARN_RANGE_LOOP_ANALYSIS = YES;
				CLANG_WARN_STRICT_PROTOTYPES = YES;
				CLANG_WARN_SUSPICIOUS_MOVE = YES;
				CLANG_WARN_UNGUARDED_AVAILABILITY = YES_AGGRESSIVE;
				CLANG_WARN_UNREACHABLE_CODE = YES;
				CLANG_WARN__DUPLICATE_METHOD_MATCH = YES;
				CODE_SIGN_IDENTITY = "iPhone Developer";
				COPY_PHASE_STRIP = NO;
				DEBUG_INFORMATION_FORMAT = "dwarf-with-dsym";
				ENABLE_NS_ASSERTIONS = NO;
				ENABLE_STRICT_OBJC_MSGSEND = YES;
				GCC_C_LANGUAGE_STANDARD = gnu11;
				GCC_NO_COMMON_BLOCKS = YES;
				GCC_WARN_64_TO_32_BIT_CONVERSION = YES;
				GCC_WARN_ABOUT_RETURN_TYPE = YES_ERROR;
				GCC_WARN_UNDECLARED_SELECTOR = YES;
				GCC_WARN_UNINITIALIZED_AUTOS = YES_AGGRESSIVE;
				GCC_WARN_UNUSED_FUNCTION = YES;
				GCC_WARN_UNUSED_VARIABLE = YES;
				IPHONEOS_DEPLOYMENT_TARGET = 11.2;
				MTL_ENABLE_DEBUG_INFO = NO;
				SDKROOT = iphoneos;
				SWIFT_OPTIMIZATION_LEVEL = "-Owholemodule";
				VALIDATE_PRODUCT = YES;
			};
			name = Release;
		};
		EBA148B020189840009C19BF /* Debug */ = {
			isa = XCBuildConfiguration;
			buildSettings = {
				ASSETCATALOG_COMPILER_APPICON_NAME = AppIcon;
				CODE_SIGN_STYLE = Automatic;
				DEVELOPMENT_TEAM = 8ZCMLU9R2P;
				INFOPLIST_FILE = Chemical_Story/Info.plist;
				LD_RUNPATH_SEARCH_PATHS = "$(inherited) @executable_path/Frameworks";
				PRODUCT_BUNDLE_IDENTIFIER = "nannyakore.Chemical-Story";
				PRODUCT_NAME = "$(TARGET_NAME)";
				SWIFT_VERSION = 4.0;
				TARGETED_DEVICE_FAMILY = "1,2";
			};
			name = Debug;
		};
		EBA148B120189840009C19BF /* Release */ = {
			isa = XCBuildConfiguration;
			buildSettings = {
				ASSETCATALOG_COMPILER_APPICON_NAME = AppIcon;
				CODE_SIGN_STYLE = Automatic;
				DEVELOPMENT_TEAM = 8ZCMLU9R2P;
				INFOPLIST_FILE = Chemical_Story/Info.plist;
				LD_RUNPATH_SEARCH_PATHS = "$(inherited) @executable_path/Frameworks";
				PRODUCT_BUNDLE_IDENTIFIER = "nannyakore.Chemical-Story";
				PRODUCT_NAME = "$(TARGET_NAME)";
				SWIFT_VERSION = 4.0;
				TARGETED_DEVICE_FAMILY = "1,2";
			};
			name = Release;
		};
		EBA148B320189840009C19BF /* Debug */ = {
			isa = XCBuildConfiguration;
			buildSettings = {
				ALWAYS_EMBED_SWIFT_STANDARD_LIBRARIES = YES;
				BUNDLE_LOADER = "$(TEST_HOST)";
				CODE_SIGN_STYLE = Automatic;
				DEVELOPMENT_TEAM = 8ZCMLU9R2P;
				INFOPLIST_FILE = Chemical_StoryTests/Info.plist;
				LD_RUNPATH_SEARCH_PATHS = "$(inherited) @executable_path/Frameworks @loader_path/Frameworks";
				PRODUCT_BUNDLE_IDENTIFIER = "nannyakore.Chemical-StoryTests";
				PRODUCT_NAME = "$(TARGET_NAME)";
				SWIFT_VERSION = 4.0;
				TARGETED_DEVICE_FAMILY = "1,2";
				TEST_HOST = "$(BUILT_PRODUCTS_DIR)/Chemical_Story.app/Chemical_Story";
			};
			name = Debug;
		};
		EBA148B420189840009C19BF /* Release */ = {
			isa = XCBuildConfiguration;
			buildSettings = {
				ALWAYS_EMBED_SWIFT_STANDARD_LIBRARIES = YES;
				BUNDLE_LOADER = "$(TEST_HOST)";
				CODE_SIGN_STYLE = Automatic;
				DEVELOPMENT_TEAM = 8ZCMLU9R2P;
				INFOPLIST_FILE = Chemical_StoryTests/Info.plist;
				LD_RUNPATH_SEARCH_PATHS = "$(inherited) @executable_path/Frameworks @loader_path/Frameworks";
				PRODUCT_BUNDLE_IDENTIFIER = "nannyakore.Chemical-StoryTests";
				PRODUCT_NAME = "$(TARGET_NAME)";
				SWIFT_VERSION = 4.0;
				TARGETED_DEVICE_FAMILY = "1,2";
				TEST_HOST = "$(BUILT_PRODUCTS_DIR)/Chemical_Story.app/Chemical_Story";
			};
			name = Release;
		};
		EBA148B620189840009C19BF /* Debug */ = {
			isa = XCBuildConfiguration;
			buildSettings = {
				ALWAYS_EMBED_SWIFT_STANDARD_LIBRARIES = YES;
				CODE_SIGN_STYLE = Automatic;
				DEVELOPMENT_TEAM = 8ZCMLU9R2P;
				INFOPLIST_FILE = Chemical_StoryUITests/Info.plist;
				LD_RUNPATH_SEARCH_PATHS = "$(inherited) @executable_path/Frameworks @loader_path/Frameworks";
				PRODUCT_BUNDLE_IDENTIFIER = "nannyakore.Chemical-StoryUITests";
				PRODUCT_NAME = "$(TARGET_NAME)";
				SWIFT_VERSION = 4.0;
				TARGETED_DEVICE_FAMILY = "1,2";
				TEST_TARGET_NAME = Chemical_Story;
			};
			name = Debug;
		};
		EBA148B720189840009C19BF /* Release */ = {
			isa = XCBuildConfiguration;
			buildSettings = {
				ALWAYS_EMBED_SWIFT_STANDARD_LIBRARIES = YES;
				CODE_SIGN_STYLE = Automatic;
				DEVELOPMENT_TEAM = 8ZCMLU9R2P;
				INFOPLIST_FILE = Chemical_StoryUITests/Info.plist;
				LD_RUNPATH_SEARCH_PATHS = "$(inherited) @executable_path/Frameworks @loader_path/Frameworks";
				PRODUCT_BUNDLE_IDENTIFIER = "nannyakore.Chemical-StoryUITests";
				PRODUCT_NAME = "$(TARGET_NAME)";
				SWIFT_VERSION = 4.0;
				TARGETED_DEVICE_FAMILY = "1,2";
				TEST_TARGET_NAME = Chemical_Story;
			};
			name = Release;
		};
/* End XCBuildConfiguration section */

/* Begin XCConfigurationList section */
		EBA148822018983F009C19BF /* Build configuration list for PBXProject "Chemical_Story" */ = {
			isa = XCConfigurationList;
			buildConfigurations = (
				EBA148AD20189840009C19BF /* Debug */,
				EBA148AE20189840009C19BF /* Release */,
			);
			defaultConfigurationIsVisible = 0;
			defaultConfigurationName = Release;
		};
		EBA148AF20189840009C19BF /* Build configuration list for PBXNativeTarget "Chemical_Story" */ = {
			isa = XCConfigurationList;
			buildConfigurations = (
				EBA148B020189840009C19BF /* Debug */,
				EBA148B120189840009C19BF /* Release */,
			);
			defaultConfigurationIsVisible = 0;
			defaultConfigurationName = Release;
		};
		EBA148B220189840009C19BF /* Build configuration list for PBXNativeTarget "Chemical_StoryTests" */ = {
			isa = XCConfigurationList;
			buildConfigurations = (
				EBA148B320189840009C19BF /* Debug */,
				EBA148B420189840009C19BF /* Release */,
			);
			defaultConfigurationIsVisible = 0;
			defaultConfigurationName = Release;
		};
		EBA148B520189840009C19BF /* Build configuration list for PBXNativeTarget "Chemical_StoryUITests" */ = {
			isa = XCConfigurationList;
			buildConfigurations = (
				EBA148B620189840009C19BF /* Debug */,
				EBA148B720189840009C19BF /* Release */,
			);
			defaultConfigurationIsVisible = 0;
			defaultConfigurationName = Release;
		};
/* End XCConfigurationList section */
	};
	rootObject = EBA1487F2018983F009C19BF /* Project object */;
}
